// !$*UTF8*$!
{
	archiveVersion = 1;
	classes = {
	};
	objectVersion = 46;
	objects = {

/* Begin PBXBuildFile section */
		183894F11B5A81BF00327546 /* LoadingCell.xib in Resources */ = {isa = PBXBuildFile; fileRef = 183894F01B5A81BF00327546 /* LoadingCell.xib */; };
		18DAEE371B594BBD00F62184 /* SearchResultCell.swift in Sources */ = {isa = PBXBuildFile; fileRef = 18DAEE361B594BBD00F62184 /* SearchResultCell.swift */; };
		18DAEE391B594E7500F62184 /* NothingFoundCell.xib in Resources */ = {isa = PBXBuildFile; fileRef = 18DAEE381B594E7500F62184 /* NothingFoundCell.xib */; };
		18FDA0D51B58EEF9008C051A /* AppDelegate.swift in Sources */ = {isa = PBXBuildFile; fileRef = 18FDA0D41B58EEF9008C051A /* AppDelegate.swift */; };
		18FDA0D71B58EEF9008C051A /* SearchViewController.swift in Sources */ = {isa = PBXBuildFile; fileRef = 18FDA0D61B58EEF9008C051A /* SearchViewController.swift */; };
		18FDA0DA1B58EEF9008C051A /* Main.storyboard in Resources */ = {isa = PBXBuildFile; fileRef = 18FDA0D81B58EEF9008C051A /* Main.storyboard */; };
		18FDA0DC1B58EEF9008C051A /* Images.xcassets in Resources */ = {isa = PBXBuildFile; fileRef = 18FDA0DB1B58EEF9008C051A /* Images.xcassets */; };
		18FDA0DF1B58EEF9008C051A /* LaunchScreen.xib in Resources */ = {isa = PBXBuildFile; fileRef = 18FDA0DD1B58EEF9008C051A /* LaunchScreen.xib */; };
		18FDA0EB1B58EEF9008C051A /* StoreSearchTests.swift in Sources */ = {isa = PBXBuildFile; fileRef = 18FDA0EA1B58EEF9008C051A /* StoreSearchTests.swift */; };
		18FDA0F51B592E1F008C051A /* SearchResult.swift in Sources */ = {isa = PBXBuildFile; fileRef = 18FDA0F41B592E1F008C051A /* SearchResult.swift */; };
		18FDA0F71B5937F7008C051A /* SearchResultCell.xib in Resources */ = {isa = PBXBuildFile; fileRef = 18FDA0F61B5937F7008C051A /* SearchResultCell.xib */; };
/* End PBXBuildFile section */

/* Begin PBXContainerItemProxy section */
		18FDA0E51B58EEF9008C051A /* PBXContainerItemProxy */ = {
			isa = PBXContainerItemProxy;
			containerPortal = 18FDA0C71B58EEF9008C051A /* Project object */;
			proxyType = 1;
			remoteGlobalIDString = 18FDA0CE1B58EEF9008C051A;
			remoteInfo = StoreSearch;
		};
/* End PBXContainerItemProxy section */

/* Begin PBXFileReference section */
		183894F01B5A81BF00327546 /* LoadingCell.xib */ = {isa = PBXFileReference; fileEncoding = 4; lastKnownFileType = file.xib; path = LoadingCell.xib; sourceTree = "<group>"; };
		18DAEE361B594BBD00F62184 /* SearchResultCell.swift */ = {isa = PBXFileReference; fileEncoding = 4; lastKnownFileType = sourcecode.swift; path = SearchResultCell.swift; sourceTree = "<group>"; };
		18DAEE381B594E7500F62184 /* NothingFoundCell.xib */ = {isa = PBXFileReference; fileEncoding = 4; lastKnownFileType = file.xib; path = NothingFoundCell.xib; sourceTree = "<group>"; };
		18FDA0CF1B58EEF9008C051A /* StoreSearch.app */ = {isa = PBXFileReference; explicitFileType = wrapper.application; includeInIndex = 0; path = StoreSearch.app; sourceTree = BUILT_PRODUCTS_DIR; };
		18FDA0D31B58EEF9008C051A /* Info.plist */ = {isa = PBXFileReference; lastKnownFileType = text.plist.xml; path = Info.plist; sourceTree = "<group>"; };
		18FDA0D41B58EEF9008C051A /* AppDelegate.swift */ = {isa = PBXFileReference; lastKnownFileType = sourcecode.swift; path = AppDelegate.swift; sourceTree = "<group>"; };
		18FDA0D61B58EEF9008C051A /* SearchViewController.swift */ = {isa = PBXFileReference; lastKnownFileType = sourcecode.swift; path = SearchViewController.swift; sourceTree = "<group>"; };
		18FDA0D91B58EEF9008C051A /* Base */ = {isa = PBXFileReference; lastKnownFileType = file.storyboard; name = Base; path = Base.lproj/Main.storyboard; sourceTree = "<group>"; };
		18FDA0DB1B58EEF9008C051A /* Images.xcassets */ = {isa = PBXFileReference; lastKnownFileType = folder.assetcatalog; path = Images.xcassets; sourceTree = "<group>"; };
		18FDA0DE1B58EEF9008C051A /* Base */ = {isa = PBXFileReference; lastKnownFileType = file.xib; name = Base; path = Base.lproj/LaunchScreen.xib; sourceTree = "<group>"; };
		18FDA0E41B58EEF9008C051A /* StoreSearchTests.xctest */ = {isa = PBXFileReference; explicitFileType = wrapper.cfbundle; includeInIndex = 0; path = StoreSearchTests.xctest; sourceTree = BUILT_PRODUCTS_DIR; };
		18FDA0E91B58EEF9008C051A /* Info.plist */ = {isa = PBXFileReference; lastKnownFileType = text.plist.xml; path = Info.plist; sourceTree = "<group>"; };
		18FDA0EA1B58EEF9008C051A /* StoreSearchTests.swift */ = {isa = PBXFileReference; lastKnownFileType = sourcecode.swift; path = StoreSearchTests.swift; sourceTree = "<group>"; };
		18FDA0F41B592E1F008C051A /* SearchResult.swift */ = {isa = PBXFileReference; fileEncoding = 4; lastKnownFileType = sourcecode.swift; path = SearchResult.swift; sourceTree = "<group>"; };
		18FDA0F61B5937F7008C051A /* SearchResultCell.xib */ = {isa = PBXFileReference; fileEncoding = 4; lastKnownFileType = file.xib; path = SearchResultCell.xib; sourceTree = "<group>"; };
/* End PBXFileReference section */

/* Begin PBXFrameworksBuildPhase section */
		18FDA0CC1B58EEF9008C051A /* Frameworks */ = {
			isa = PBXFrameworksBuildPhase;
			buildActionMask = 2147483647;
			files = (
			);
			runOnlyForDeploymentPostprocessing = 0;
		};
		18FDA0E11B58EEF9008C051A /* Frameworks */ = {
			isa = PBXFrameworksBuildPhase;
			buildActionMask = 2147483647;
			files = (
			);
			runOnlyForDeploymentPostprocessing = 0;
		};
/* End PBXFrameworksBuildPhase section */

/* Begin PBXGroup section */
		18FDA0C61B58EEF9008C051A = {
			isa = PBXGroup;
			children = (
				18FDA0D11B58EEF9008C051A /* StoreSearch */,
				18FDA0E71B58EEF9008C051A /* StoreSearchTests */,
				18FDA0D01B58EEF9008C051A /* Products */,
			);
			sourceTree = "<group>";
		};
		18FDA0D01B58EEF9008C051A /* Products */ = {
			isa = PBXGroup;
			children = (
				18FDA0CF1B58EEF9008C051A /* StoreSearch.app */,
				18FDA0E41B58EEF9008C051A /* StoreSearchTests.xctest */,
			);
			name = Products;
			sourceTree = "<group>";
		};
		18FDA0D11B58EEF9008C051A /* StoreSearch */ = {
			isa = PBXGroup;
			children = (
				18FDA0D41B58EEF9008C051A /* AppDelegate.swift */,
				18FDA0D61B58EEF9008C051A /* SearchViewController.swift */,
				18FDA0F41B592E1F008C051A /* SearchResult.swift */,
				18DAEE361B594BBD00F62184 /* SearchResultCell.swift */,
				18FDA0F61B5937F7008C051A /* SearchResultCell.xib */,
				183894F01B5A81BF00327546 /* LoadingCell.xib */,
				18DAEE381B594E7500F62184 /* NothingFoundCell.xib */,
				18FDA0D81B58EEF9008C051A /* Main.storyboard */,
				18FDA0DB1B58EEF9008C051A /* Images.xcassets */,
				18FDA0DD1B58EEF9008C051A /* LaunchScreen.xib */,
				18FDA0D21B58EEF9008C051A /* Supporting Files */,
			);
			path = StoreSearch;
			sourceTree = "<group>";
		};
		18FDA0D21B58EEF9008C051A /* Supporting Files */ = {
			isa = PBXGroup;
			children = (
				18FDA0D31B58EEF9008C051A /* Info.plist */,
			);
			name = "Supporting Files";
			sourceTree = "<group>";
		};
		18FDA0E71B58EEF9008C051A /* StoreSearchTests */ = {
			isa = PBXGroup;
			children = (
				18FDA0EA1B58EEF9008C051A /* StoreSearchTests.swift */,
				18FDA0E81B58EEF9008C051A /* Supporting Files */,
			);
			path = StoreSearchTests;
			sourceTree = "<group>";
		};
		18FDA0E81B58EEF9008C051A /* Supporting Files */ = {
			isa = PBXGroup;
			children = (
				18FDA0E91B58EEF9008C051A /* Info.plist */,
			);
			name = "Supporting Files";
			sourceTree = "<group>";
		};
/* End PBXGroup section */

/* Begin PBXNativeTarget section */
		18FDA0CE1B58EEF9008C051A /* StoreSearch */ = {
			isa = PBXNativeTarget;
			buildConfigurationList = 18FDA0EE1B58EEF9008C051A /* Build configuration list for PBXNativeTarget "StoreSearch" */;
			buildPhases = (
				18FDA0CB1B58EEF9008C051A /* Sources */,
				18FDA0CC1B58EEF9008C051A /* Frameworks */,
				18FDA0CD1B58EEF9008C051A /* Resources */,
			);
			buildRules = (
			);
			dependencies = (
			);
			name = StoreSearch;
			productName = StoreSearch;
			productReference = 18FDA0CF1B58EEF9008C051A /* StoreSearch.app */;
			productType = "com.apple.product-type.application";
		};
		18FDA0E31B58EEF9008C051A /* StoreSearchTests */ = {
			isa = PBXNativeTarget;
			buildConfigurationList = 18FDA0F11B58EEF9008C051A /* Build configuration list for PBXNativeTarget "StoreSearchTests" */;
			buildPhases = (
				18FDA0E01B58EEF9008C051A /* Sources */,
				18FDA0E11B58EEF9008C051A /* Frameworks */,
				18FDA0E21B58EEF9008C051A /* Resources */,
			);
			buildRules = (
			);
			dependencies = (
				18FDA0E61B58EEF9008C051A /* PBXTargetDependency */,
			);
			name = StoreSearchTests;
			productName = StoreSearchTests;
			productReference = 18FDA0E41B58EEF9008C051A /* StoreSearchTests.xctest */;
			productType = "com.apple.product-type.bundle.unit-test";
		};
/* End PBXNativeTarget section */

/* Begin PBXProject section */
		18FDA0C71B58EEF9008C051A /* Project object */ = {
			isa = PBXProject;
			attributes = {
				LastUpgradeCheck = 0630;
				ORGANIZATIONNAME = futantan;
				TargetAttributes = {
					18FDA0CE1B58EEF9008C051A = {
						CreatedOnToolsVersion = 6.3.2;
					};
					18FDA0E31B58EEF9008C051A = {
						CreatedOnToolsVersion = 6.3.2;
						TestTargetID = 18FDA0CE1B58EEF9008C051A;
					};
				};
			};
			buildConfigurationList = 18FDA0CA1B58EEF9008C051A /* Build configuration list for PBXProject "StoreSearch" */;
			compatibilityVersion = "Xcode 3.2";
			developmentRegion = English;
			hasScannedForEncodings = 0;
			knownRegions = (
				en,
				Base,
			);
			mainGroup = 18FDA0C61B58EEF9008C051A;
			productRefGroup = 18FDA0D01B58EEF9008C051A /* Products */;
			projectDirPath = "";
			projectRoot = "";
			targets = (
				18FDA0CE1B58EEF9008C051A /* StoreSearch */,
				18FDA0E31B58EEF9008C051A /* StoreSearchTests */,
			);
		};
/* End PBXProject section */

/* Begin PBXResourcesBuildPhase section */
		18FDA0CD1B58EEF9008C051A /* Resources */ = {
			isa = PBXResourcesBuildPhase;
			buildActionMask = 2147483647;
			files = (
				18FDA0DA1B58EEF9008C051A /* Main.storyboard in Resources */,
				18FDA0DF1B58EEF9008C051A /* LaunchScreen.xib in Resources */,
				183894F11B5A81BF00327546 /* LoadingCell.xib in Resources */,
				18FDA0F71B5937F7008C051A /* SearchResultCell.xib in Resources */,
				18DAEE391B594E7500F62184 /* NothingFoundCell.xib in Resources */,
				18FDA0DC1B58EEF9008C051A /* Images.xcassets in Resources */,
			);
			runOnlyForDeploymentPostprocessing = 0;
		};
		18FDA0E21B58EEF9008C051A /* Resources */ = {
			isa = PBXResourcesBuildPhase;
			buildActionMask = 2147483647;
			files = (
			);
			runOnlyForDeploymentPostprocessing = 0;
		};
/* End PBXResourcesBuildPhase section */

/* Begin PBXSourcesBuildPhase section */
		18FDA0CB1B58EEF9008C051A /* Sources */ = {
			isa = PBXSourcesBuildPhase;
			buildActionMask = 2147483647;
			files = (
				18FDA0D71B58EEF9008C051A /* SearchViewController.swift in Sources */,
				18FDA0F51B592E1F008C051A /* SearchResult.swift in Sources */,
				18DAEE371B594BBD00F62184 /* SearchResultCell.swift in Sources */,
				18FDA0D51B58EEF9008C051A /* AppDelegate.swift in Sources */,
			);
			runOnlyForDeploymentPostprocessing = 0;
		};
		18FDA0E01B58EEF9008C051A /* Sources */ = {
			isa = PBXSourcesBuildPhase;
			buildActionMask = 2147483647;
			files = (
				18FDA0EB1B58EEF9008C051A /* StoreSearchTests.swift in Sources */,
			);
			runOnlyForDeploymentPostprocessing = 0;
		};
/* End PBXSourcesBuildPhase section */

/* Begin PBXTargetDependency section */
		18FDA0E61B58EEF9008C051A /* PBXTargetDependency */ = {
			isa = PBXTargetDependency;
			target = 18FDA0CE1B58EEF9008C051A /* StoreSearch */;
			targetProxy = 18FDA0E51B58EEF9008C051A /* PBXContainerItemProxy */;
		};
/* End PBXTargetDependency section */

/* Begin PBXVariantGroup section */
		18FDA0D81B58EEF9008C051A /* Main.storyboard */ = {
			isa = PBXVariantGroup;
			children = (
				18FDA0D91B58EEF9008C051A /* Base */,
			);
			name = Main.storyboard;
			sourceTree = "<group>";
		};
		18FDA0DD1B58EEF9008C051A /* LaunchScreen.xib */ = {
			isa = PBXVariantGroup;
			children = (
				18FDA0DE1B58EEF9008C051A /* Base */,
			);
			name = LaunchScreen.xib;
			sourceTree = "<group>";
		};
/* End PBXVariantGroup section */

/* Begin XCBuildConfiguration section */
		18FDA0EC1B58EEF9008C051A /* Debug */ = {
			isa = XCBuildConfiguration;
			buildSettings = {
				ALWAYS_SEARCH_USER_PATHS = NO;
				CLANG_CXX_LANGUAGE_STANDARD = "gnu++0x";
				CLANG_CXX_LIBRARY = "libc++";
				CLANG_ENABLE_MODULES = YES;
				CLANG_ENABLE_OBJC_ARC = YES;
				CLANG_WARN_BOOL_CONVERSION = YES;
				CLANG_WARN_CONSTANT_CONVERSION = YES;
				CLANG_WARN_DIRECT_OBJC_ISA_USAGE = YES_ERROR;
				CLANG_WARN_EMPTY_BODY = YES;
				CLANG_WARN_ENUM_CONVERSION = YES;
				CLANG_WARN_INT_CONVERSION = YES;
				CLANG_WARN_OBJC_ROOT_CLASS = YES_ERROR;
				CLANG_WARN_UNREACHABLE_CODE = YES;
				CLANG_WARN__DUPLICATE_METHOD_MATCH = YES;
				"CODE_SIGN_IDENTITY[sdk=iphoneos*]" = "iPhone Developer";
				COPY_PHASE_STRIP = NO;
				DEBUG_INFORMATION_FORMAT = "dwarf-with-dsym";
				ENABLE_STRICT_OBJC_MSGSEND = YES;
				GCC_C_LANGUAGE_STANDARD = gnu99;
				GCC_DYNAMIC_NO_PIC = NO;
				GCC_NO_COMMON_BLOCKS = YES;
				GCC_OPTIMIZATION_LEVEL = 0;
				GCC_PREPROCESSOR_DEFINITIONS = (
					"DEBUG=1",
					"$(inherited)",
				);
				GCC_SYMBOLS_PRIVATE_EXTERN = NO;
				GCC_WARN_64_TO_32_BIT_CONVERSION = YES;
				GCC_WARN_ABOUT_RETURN_TYPE = YES_ERROR;
				GCC_WARN_UNDECLARED_SELECTOR = YES;
				GCC_WARN_UNINITIALIZED_AUTOS = YES_AGGRESSIVE;
				GCC_WARN_UNUSED_FUNCTION = YES;
				GCC_WARN_UNUSED_VARIABLE = YES;
				IPHONEOS_DEPLOYMENT_TARGET = 8.3;
				MTL_ENABLE_DEBUG_INFO = YES;
				ONLY_ACTIVE_ARCH = YES;
				SDKROOT = iphoneos;
				SWIFT_OPTIMIZATION_LEVEL = "-Onone";
			};
			name = Debug;
		};
		18FDA0ED1B58EEF9008C051A /* Release */ = {
			isa = XCBuildConfiguration;
			buildSettings = {
				ALWAYS_SEARCH_USER_PATHS = NO;
				CLANG_CXX_LANGUAGE_STANDARD = "gnu++0x";
				CLANG_CXX_LIBRARY = "libc++";
				CLANG_ENABLE_MODULES = YES;
				CLANG_ENABLE_OBJC_ARC = YES;
				CLANG_WARN_BOOL_CONVERSION = YES;
				CLANG_WARN_CONSTANT_CONVERSION = YES;
				CLANG_WARN_DIRECT_OBJC_ISA_USAGE = YES_ERROR;
				CLANG_WARN_EMPTY_BODY = YES;
				CLANG_WARN_ENUM_CONVERSION = YES;
				CLANG_WARN_INT_CONVERSION = YES;
				CLANG_WARN_OBJC_ROOT_CLASS = YES_ERROR;
				CLANG_WARN_UNREACHABLE_CODE = YES;
				CLANG_WARN__DUPLICATE_METHOD_MATCH = YES;
				"CODE_SIGN_IDENTITY[sdk=iphoneos*]" = "iPhone Developer";
				COPY_PHASE_STRIP = NO;
				DEBUG_INFORMATION_FORMAT = "dwarf-with-dsym";
				ENABLE_NS_ASSERTIONS = NO;
				ENABLE_STRICT_OBJC_MSGSEND = YES;
				GCC_C_LANGUAGE_STANDARD = gnu99;
				GCC_NO_COMMON_BLOCKS = YES;
				GCC_WARN_64_TO_32_BIT_CONVERSION = YES;
				GCC_WARN_ABOUT_RETURN_TYPE = YES_ERROR;
				GCC_WARN_UNDECLARED_SELECTOR = YES;
				GCC_WARN_UNINITIALIZED_AUTOS = YES_AGGRESSIVE;
				GCC_WARN_UNUSED_FUNCTION = YES;
				GCC_WARN_UNUSED_VARIABLE = YES;
				IPHONEOS_DEPLOYMENT_TARGET = 8.3;
				MTL_ENABLE_DEBUG_INFO = NO;
				SDKROOT = iphoneos;
				VALIDATE_PRODUCT = YES;
			};
			name = Release;
		};
		18FDA0EF1B58EEF9008C051A /* Debug */ = {
			isa = XCBuildConfiguration;
			buildSettings = {
				ASSETCATALOG_COMPILER_APPICON_NAME = AppIcon;
				INFOPLIST_FILE = StoreSearch/Info.plist;
				LD_RUNPATH_SEARCH_PATHS = "$(inherited) @executable_path/Frameworks";
				PRODUCT_NAME = "$(TARGET_NAME)";
			};
			name = Debug;
		};
		18FDA0F01B58EEF9008C051A /* Release */ = {
			isa = XCBuildConfiguration;
			buildSettings = {
				ASSETCATALOG_COMPILER_APPICON_NAME = AppIcon;
				INFOPLIST_FILE = StoreSearch/Info.plist;
				LD_RUNPATH_SEARCH_PATHS = "$(inherited) @executable_path/Frameworks";
				PRODUCT_NAME = "$(TARGET_NAME)";
			};
			name = Release;
		};
		18FDA0F21B58EEF9008C051A /* Debug */ = {
			isa = XCBuildConfiguration;
			buildSettings = {
				BUNDLE_LOADER = "$(TEST_HOST)";
				FRAMEWORK_SEARCH_PATHS = (
					"$(SDKROOT)/Developer/Library/Frameworks",
					"$(inherited)",
				);
				GCC_PREPROCESSOR_DEFINITIONS = (
					"DEBUG=1",
					"$(inherited)",
				);
				INFOPLIST_FILE = StoreSearchTests/Info.plist;
				LD_RUNPATH_SEARCH_PATHS = "$(inherited) @executable_path/Frameworks @loader_path/Frameworks";
				PRODUCT_NAME = "$(TARGET_NAME)";
				TEST_HOST = "$(BUILT_PRODUCTS_DIR)/StoreSearch.app/StoreSearch";
			};
			name = Debug;
		};
		18FDA0F31B58EEF9008C051A /* Release */ = {
			isa = XCBuildConfiguration;
			buildSettings = {
				BUNDLE_LOADER = "$(TEST_HOST)";
				FRAMEWORK_SEARCH_PATHS = (
					"$(SDKROOT)/Developer/Library/Frameworks",
					"$(inherited)",
				);
				INFOPLIST_FILE = StoreSearchTests/Info.plist;
				LD_RUNPATH_SEARCH_PATHS = "$(inherited) @executable_path/Frameworks @loader_path/Frameworks";
				PRODUCT_NAME = "$(TARGET_NAME)";
				TEST_HOST = "$(BUILT_PRODUCTS_DIR)/StoreSearch.app/StoreSearch";
			};
			name = Release;
		};
/* End XCBuildConfiguration section */

/* Begin XCConfigurationList section */
		18FDA0CA1B58EEF9008C051A /* Build configuration list for PBXProject "StoreSearch" */ = {
			isa = XCConfigurationList;
			buildConfigurations = (
				18FDA0EC1B58EEF9008C051A /* Debug */,
				18FDA0ED1B58EEF9008C051A /* Release */,
			);
			defaultConfigurationIsVisible = 0;
			defaultConfigurationName = Release;
		};
		18FDA0EE1B58EEF9008C051A /* Build configuration list for PBXNativeTarget "StoreSearch" */ = {
			isa = XCConfigurationList;
			buildConfigurations = (
				18FDA0EF1B58EEF9008C051A /* Debug */,
				18FDA0F01B58EEF9008C051A /* Release */,
			);
			defaultConfigurationIsVisible = 0;
			defaultConfigurationName = Release;
		};
		18FDA0F11B58EEF9008C051A /* Build configuration list for PBXNativeTarget "StoreSearchTests" */ = {
			isa = XCConfigurationList;
			buildConfigurations = (
				18FDA0F21B58EEF9008C051A /* Debug */,
				18FDA0F31B58EEF9008C051A /* Release */,
			);
			defaultConfigurationIsVisible = 0;
			defaultConfigurationName = Release;
		};
/* End XCConfigurationList section */
	};
	rootObject = 18FDA0C71B58EEF9008C051A /* Project object */;
}
